
Microsoft Visual Studio Solution File, Format Version 12.00
# Visual Studio Version 16
VisualStudioVersion = 16.0.30413.136
MinimumVisualStudioVersion = 10.0.40219.1
Project("{FAE04EC0-301F-11D3-BF4B-00C04F79EFBC}") = "PollensMod", "PollensMod.csproj", "{EE1D58A6-F3EE-4287-B6C6-B57A692DCD36}"
EndProject
Global
	GlobalSection(SolutionConfigurationPlatforms) = preSolution
		Debug|Any CPU = Debug|Any CPU
		Release|Any CPU = Release|Any CPU
	EndGlobalSection
	GlobalSection(ProjectConfigurationPlatforms) = postSolution
		{EE1D58A6-F3EE-4287-B6C6-B57A692DCD36}.Debug|Any CPU.ActiveCfg = Debug|x86
		{EE1D58A6-F3EE-4287-B6C6-B57A692DCD36}.Debug|Any CPU.Build.0 = Debug|x86
		{EE1D58A6-F3EE-4287-B6C6-B57A692DCD36}.Release|Any CPU.ActiveCfg = Release|x86
		{EE1D58A6-F3EE-4287-B6C6-B57A692DCD36}.Release|Any CPU.Build.0 = Release|x86
	EndGlobalSection
	GlobalSection(SolutionProperties) = preSolution
		HideSolutionNode = FALSE
	EndGlobalSection
	GlobalSection(ExtensibilityGlobals) = postSolution
		SolutionGuid = {425072E9-6D4B-49C6-8940-D219195C11A1}
	EndGlobalSection
EndGlobal
